// !$*UTF8*$!
{
	archiveVersion = 1;
	classes = {
	};
	objectVersion = 77;
	objects = {

/* Begin PBXBuildFile section */
		1522DDCE2DAA664A00A1865D /* CombineCocoa in Frameworks */ = {isa = PBXBuildFile; productRef = 1522DDCD2DAA664A00A1865D /* CombineCocoa */; };
		15A69AFB2DA8EB8B00A91FDE /* FirebaseAnalytics in Frameworks */ = {isa = PBXBuildFile; productRef = 15A69AFA2DA8EB8B00A91FDE /* FirebaseAnalytics */; };
		15A69AFD2DA8EB8B00A91FDE /* FirebaseAnalyticsOnDeviceConversion in Frameworks */ = {isa = PBXBuildFile; productRef = 15A69AFC2DA8EB8B00A91FDE /* FirebaseAnalyticsOnDeviceConversion */; };
		15A69AFF2DA8EB8B00A91FDE /* FirebaseAnalyticsWithoutAdIdSupport in Frameworks */ = {isa = PBXBuildFile; productRef = 15A69AFE2DA8EB8B00A91FDE /* FirebaseAnalyticsWithoutAdIdSupport */; };
		15A69B012DA8EB8B00A91FDE /* FirebaseAppCheck in Frameworks */ = {isa = PBXBuildFile; productRef = 15A69B002DA8EB8B00A91FDE /* FirebaseAppCheck */; };
		15A69B032DA8EB8B00A91FDE /* FirebaseAppDistribution-Beta in Frameworks */ = {isa = PBXBuildFile; productRef = 15A69B022DA8EB8B00A91FDE /* FirebaseAppDistribution-Beta */; };
		15A69B052DA8EB8B00A91FDE /* FirebaseAuth in Frameworks */ = {isa = PBXBuildFile; productRef = 15A69B042DA8EB8B00A91FDE /* FirebaseAuth */; };
		15A69B072DA8EB8B00A91FDE /* FirebaseAuthCombine-Community in Frameworks */ = {isa = PBXBuildFile; productRef = 15A69B062DA8EB8B00A91FDE /* FirebaseAuthCombine-Community */; };
		15A69B092DA8EB8B00A91FDE /* FirebaseCore in Frameworks */ = {isa = PBXBuildFile; productRef = 15A69B082DA8EB8B00A91FDE /* FirebaseCore */; };
		15A69B0B2DA8EB8B00A91FDE /* FirebaseCrashlytics in Frameworks */ = {isa = PBXBuildFile; productRef = 15A69B0A2DA8EB8B00A91FDE /* FirebaseCrashlytics */; };
		15A69B0D2DA8EB8B00A91FDE /* FirebaseDatabase in Frameworks */ = {isa = PBXBuildFile; productRef = 15A69B0C2DA8EB8B00A91FDE /* FirebaseDatabase */; };
		15A69B0F2DA8EB8B00A91FDE /* FirebaseDynamicLinks in Frameworks */ = {isa = PBXBuildFile; productRef = 15A69B0E2DA8EB8B00A91FDE /* FirebaseDynamicLinks */; };
		15A69B112DA8EB8B00A91FDE /* FirebaseFirestore in Frameworks */ = {isa = PBXBuildFile; productRef = 15A69B102DA8EB8B00A91FDE /* FirebaseFirestore */; };
		15A69B132DA8EB8B00A91FDE /* FirebaseFirestoreCombine-Community in Frameworks */ = {isa = PBXBuildFile; productRef = 15A69B122DA8EB8B00A91FDE /* FirebaseFirestoreCombine-Community */; };
		15A69B152DA8EB8B00A91FDE /* FirebaseFunctions in Frameworks */ = {isa = PBXBuildFile; productRef = 15A69B142DA8EB8B00A91FDE /* FirebaseFunctions */; };
		15A69B172DA8EB8B00A91FDE /* FirebaseFunctionsCombine-Community in Frameworks */ = {isa = PBXBuildFile; productRef = 15A69B162DA8EB8B00A91FDE /* FirebaseFunctionsCombine-Community */; };
		15A69B192DA8EB8B00A91FDE /* FirebaseInAppMessaging-Beta in Frameworks */ = {isa = PBXBuildFile; productRef = 15A69B182DA8EB8B00A91FDE /* FirebaseInAppMessaging-Beta */; };
		15A69B1B2DA8EB8B00A91FDE /* FirebaseInstallations in Frameworks */ = {isa = PBXBuildFile; productRef = 15A69B1A2DA8EB8B00A91FDE /* FirebaseInstallations */; };
		15A69B1D2DA8EB8B00A91FDE /* FirebaseMLModelDownloader in Frameworks */ = {isa = PBXBuildFile; productRef = 15A69B1C2DA8EB8B00A91FDE /* FirebaseMLModelDownloader */; };
		15A69B1F2DA8EB8B00A91FDE /* FirebaseMessaging in Frameworks */ = {isa = PBXBuildFile; productRef = 15A69B1E2DA8EB8B00A91FDE /* FirebaseMessaging */; };
		15A69B212DA8EB8B00A91FDE /* FirebasePerformance in Frameworks */ = {isa = PBXBuildFile; productRef = 15A69B202DA8EB8B00A91FDE /* FirebasePerformance */; };
		15A69B232DA8EB8B00A91FDE /* FirebaseRemoteConfig in Frameworks */ = {isa = PBXBuildFile; productRef = 15A69B222DA8EB8B00A91FDE /* FirebaseRemoteConfig */; };
		15A69B252DA8EB8B00A91FDE /* FirebaseStorage in Frameworks */ = {isa = PBXBuildFile; productRef = 15A69B242DA8EB8B00A91FDE /* FirebaseStorage */; };
		15A69B272DA8EB8B00A91FDE /* FirebaseStorageCombine-Community in Frameworks */ = {isa = PBXBuildFile; productRef = 15A69B262DA8EB8B00A91FDE /* FirebaseStorageCombine-Community */; };
		15A69B292DA8EB8B00A91FDE /* FirebaseVertexAI in Frameworks */ = {isa = PBXBuildFile; productRef = 15A69B282DA8EB8B00A91FDE /* FirebaseVertexAI */; };
		15A69B2C2DA8F1B300A91FDE /* GoogleSignIn in Frameworks */ = {isa = PBXBuildFile; productRef = 15A69B2B2DA8F1B300A91FDE /* GoogleSignIn */; };
		15A69B342DA8FE8F00A91FDE /* SnapKit in Frameworks */ = {isa = PBXBuildFile; productRef = 15A69B332DA8FE8F00A91FDE /* SnapKit */; };
/* End PBXBuildFile section */

/* Begin PBXContainerItemProxy section */
		15A69ADA2DA8C9DD00A91FDE /* PBXContainerItemProxy */ = {
			isa = PBXContainerItemProxy;
			containerPortal = 15A69ABB2DA8C9DB00A91FDE /* Project object */;
			proxyType = 1;
			remoteGlobalIDString = 15A69AC22DA8C9DB00A91FDE;
			remoteInfo = MVVM_SideProject;
		};
		15A69AE42DA8C9DD00A91FDE /* PBXContainerItemProxy */ = {
			isa = PBXContainerItemProxy;
			containerPortal = 15A69ABB2DA8C9DB00A91FDE /* Project object */;
			proxyType = 1;
			remoteGlobalIDString = 15A69AC22DA8C9DB00A91FDE;
			remoteInfo = MVVM_SideProject;
		};
/* End PBXContainerItemProxy section */

/* Begin PBXFileReference section */
		15A69AC32DA8C9DB00A91FDE /* MVVM_SideProject.app */ = {isa = PBXFileReference; explicitFileType = wrapper.application; includeInIndex = 0; path = MVVM_SideProject.app; sourceTree = BUILT_PRODUCTS_DIR; };
		15A69AD92DA8C9DD00A91FDE /* MVVM_SideProjectTests.xctest */ = {isa = PBXFileReference; explicitFileType = wrapper.cfbundle; includeInIndex = 0; path = MVVM_SideProjectTests.xctest; sourceTree = BUILT_PRODUCTS_DIR; };
		15A69AE32DA8C9DD00A91FDE /* MVVM_SideProjectUITests.xctest */ = {isa = PBXFileReference; explicitFileType = wrapper.cfbundle; includeInIndex = 0; path = MVVM_SideProjectUITests.xctest; sourceTree = BUILT_PRODUCTS_DIR; };
/* End PBXFileReference section */

/* Begin PBXFileSystemSynchronizedBuildFileExceptionSet section */
		15A69AEB2DA8C9DD00A91FDE /* Exceptions for "MVVM_SideProject" folder in "MVVM_SideProject" target */ = {
			isa = PBXFileSystemSynchronizedBuildFileExceptionSet;
			membershipExceptions = (
				Info.plist,
			);
			target = 15A69AC22DA8C9DB00A91FDE /* MVVM_SideProject */;
		};
/* End PBXFileSystemSynchronizedBuildFileExceptionSet section */

/* Begin PBXFileSystemSynchronizedRootGroup section */
		15A69AC52DA8C9DB00A91FDE /* MVVM_SideProject */ = {
			isa = PBXFileSystemSynchronizedRootGroup;
			exceptions = (
				15A69AEB2DA8C9DD00A91FDE /* Exceptions for "MVVM_SideProject" folder in "MVVM_SideProject" target */,
			);
			path = MVVM_SideProject;
			sourceTree = "<group>";
		};
		15A69ADC2DA8C9DD00A91FDE /* MVVM_SideProjectTests */ = {
			isa = PBXFileSystemSynchronizedRootGroup;
			path = MVVM_SideProjectTests;
			sourceTree = "<group>";
		};
		15A69AE62DA8C9DD00A91FDE /* MVVM_SideProjectUITests */ = {
			isa = PBXFileSystemSynchronizedRootGroup;
			path = MVVM_SideProjectUITests;
			sourceTree = "<group>";
		};
/* End PBXFileSystemSynchronizedRootGroup section */

/* Begin PBXFrameworksBuildPhase section */
		15A69AC02DA8C9DB00A91FDE /* Frameworks */ = {
			isa = PBXFrameworksBuildPhase;
			buildActionMask = 2147483647;
			files = (
				15A69B132DA8EB8B00A91FDE /* FirebaseFirestoreCombine-Community in Frameworks */,
				15A69B292DA8EB8B00A91FDE /* FirebaseVertexAI in Frameworks */,
				15A69B152DA8EB8B00A91FDE /* FirebaseFunctions in Frameworks */,
				15A69B212DA8EB8B00A91FDE /* FirebasePerformance in Frameworks */,
				15A69B272DA8EB8B00A91FDE /* FirebaseStorageCombine-Community in Frameworks */,
				15A69B232DA8EB8B00A91FDE /* FirebaseRemoteConfig in Frameworks */,
				15A69B0D2DA8EB8B00A91FDE /* FirebaseDatabase in Frameworks */,
				15A69B0F2DA8EB8B00A91FDE /* FirebaseDynamicLinks in Frameworks */,
				15A69B012DA8EB8B00A91FDE /* FirebaseAppCheck in Frameworks */,
				15A69B052DA8EB8B00A91FDE /* FirebaseAuth in Frameworks */,
				15A69AFB2DA8EB8B00A91FDE /* FirebaseAnalytics in Frameworks */,
				15A69B112DA8EB8B00A91FDE /* FirebaseFirestore in Frameworks */,
				15A69B1F2DA8EB8B00A91FDE /* FirebaseMessaging in Frameworks */,
				15A69B1B2DA8EB8B00A91FDE /* FirebaseInstallations in Frameworks */,
				15A69B172DA8EB8B00A91FDE /* FirebaseFunctionsCombine-Community in Frameworks */,
				15A69B342DA8FE8F00A91FDE /* SnapKit in Frameworks */,
				15A69B2C2DA8F1B300A91FDE /* GoogleSignIn in Frameworks */,
				15A69B032DA8EB8B00A91FDE /* FirebaseAppDistribution-Beta in Frameworks */,
				15A69AFF2DA8EB8B00A91FDE /* FirebaseAnalyticsWithoutAdIdSupport in Frameworks */,
				15A69B192DA8EB8B00A91FDE /* FirebaseInAppMessaging-Beta in Frameworks */,
				15A69B072DA8EB8B00A91FDE /* FirebaseAuthCombine-Community in Frameworks */,
				15A69B0B2DA8EB8B00A91FDE /* FirebaseCrashlytics in Frameworks */,
				15A69B1D2DA8EB8B00A91FDE /* FirebaseMLModelDownloader in Frameworks */,
				15A69B252DA8EB8B00A91FDE /* FirebaseStorage in Frameworks */,
				15A69B092DA8EB8B00A91FDE /* FirebaseCore in Frameworks */,
				1522DDCE2DAA664A00A1865D /* CombineCocoa in Frameworks */,
				15A69AFD2DA8EB8B00A91FDE /* FirebaseAnalyticsOnDeviceConversion in Frameworks */,
			);
			runOnlyForDeploymentPostprocessing = 0;
		};
		15A69AD62DA8C9DD00A91FDE /* Frameworks */ = {
			isa = PBXFrameworksBuildPhase;
			buildActionMask = 2147483647;
			files = (
			);
			runOnlyForDeploymentPostprocessing = 0;
		};
		15A69AE02DA8C9DD00A91FDE /* Frameworks */ = {
			isa = PBXFrameworksBuildPhase;
			buildActionMask = 2147483647;
			files = (
			);
			runOnlyForDeploymentPostprocessing = 0;
		};
/* End PBXFrameworksBuildPhase section */

/* Begin PBXGroup section */
		15A69ABA2DA8C9DB00A91FDE = {
			isa = PBXGroup;
			children = (
				15A69AC52DA8C9DB00A91FDE /* MVVM_SideProject */,
				15A69ADC2DA8C9DD00A91FDE /* MVVM_SideProjectTests */,
				15A69AE62DA8C9DD00A91FDE /* MVVM_SideProjectUITests */,
				15A69AC42DA8C9DB00A91FDE /* Products */,
			);
			sourceTree = "<group>";
		};
		15A69AC42DA8C9DB00A91FDE /* Products */ = {
			isa = PBXGroup;
			children = (
				15A69AC32DA8C9DB00A91FDE /* MVVM_SideProject.app */,
				15A69AD92DA8C9DD00A91FDE /* MVVM_SideProjectTests.xctest */,
				15A69AE32DA8C9DD00A91FDE /* MVVM_SideProjectUITests.xctest */,
			);
			name = Products;
			sourceTree = "<group>";
		};
/* End PBXGroup section */

/* Begin PBXNativeTarget section */
		15A69AC22DA8C9DB00A91FDE /* MVVM_SideProject */ = {
			isa = PBXNativeTarget;
			buildConfigurationList = 15A69AEC2DA8C9DD00A91FDE /* Build configuration list for PBXNativeTarget "MVVM_SideProject" */;
			buildPhases = (
				15A69ABF2DA8C9DB00A91FDE /* Sources */,
				15A69AC02DA8C9DB00A91FDE /* Frameworks */,
				15A69AC12DA8C9DB00A91FDE /* Resources */,
			);
			buildRules = (
			);
			dependencies = (
			);
			fileSystemSynchronizedGroups = (
				15A69AC52DA8C9DB00A91FDE /* MVVM_SideProject */,
			);
			name = MVVM_SideProject;
			packageProductDependencies = (
				15A69AFA2DA8EB8B00A91FDE /* FirebaseAnalytics */,
				15A69AFC2DA8EB8B00A91FDE /* FirebaseAnalyticsOnDeviceConversion */,
				15A69AFE2DA8EB8B00A91FDE /* FirebaseAnalyticsWithoutAdIdSupport */,
				15A69B002DA8EB8B00A91FDE /* FirebaseAppCheck */,
				15A69B022DA8EB8B00A91FDE /* FirebaseAppDistribution-Beta */,
				15A69B042DA8EB8B00A91FDE /* FirebaseAuth */,
				15A69B062DA8EB8B00A91FDE /* FirebaseAuthCombine-Community */,
				15A69B082DA8EB8B00A91FDE /* FirebaseCore */,
				15A69B0A2DA8EB8B00A91FDE /* FirebaseCrashlytics */,
				15A69B0C2DA8EB8B00A91FDE /* FirebaseDatabase */,
				15A69B0E2DA8EB8B00A91FDE /* FirebaseDynamicLinks */,
				15A69B102DA8EB8B00A91FDE /* FirebaseFirestore */,
				15A69B122DA8EB8B00A91FDE /* FirebaseFirestoreCombine-Community */,
				15A69B142DA8EB8B00A91FDE /* FirebaseFunctions */,
				15A69B162DA8EB8B00A91FDE /* FirebaseFunctionsCombine-Community */,
				15A69B182DA8EB8B00A91FDE /* FirebaseInAppMessaging-Beta */,
				15A69B1A2DA8EB8B00A91FDE /* FirebaseInstallations */,
				15A69B1C2DA8EB8B00A91FDE /* FirebaseMLModelDownloader */,
				15A69B1E2DA8EB8B00A91FDE /* FirebaseMessaging */,
				15A69B202DA8EB8B00A91FDE /* FirebasePerformance */,
				15A69B222DA8EB8B00A91FDE /* FirebaseRemoteConfig */,
				15A69B242DA8EB8B00A91FDE /* FirebaseStorage */,
				15A69B262DA8EB8B00A91FDE /* FirebaseStorageCombine-Community */,
				15A69B282DA8EB8B00A91FDE /* FirebaseVertexAI */,
				15A69B2B2DA8F1B300A91FDE /* GoogleSignIn */,
				15A69B332DA8FE8F00A91FDE /* SnapKit */,
				1522DDCD2DAA664A00A1865D /* CombineCocoa */,
			);
			productName = MVVM_SideProject;
			productReference = 15A69AC32DA8C9DB00A91FDE /* MVVM_SideProject.app */;
			productType = "com.apple.product-type.application";
		};
		15A69AD82DA8C9DD00A91FDE /* MVVM_SideProjectTests */ = {
			isa = PBXNativeTarget;
			buildConfigurationList = 15A69AF12DA8C9DD00A91FDE /* Build configuration list for PBXNativeTarget "MVVM_SideProjectTests" */;
			buildPhases = (
				15A69AD52DA8C9DD00A91FDE /* Sources */,
				15A69AD62DA8C9DD00A91FDE /* Frameworks */,
				15A69AD72DA8C9DD00A91FDE /* Resources */,
			);
			buildRules = (
			);
			dependencies = (
				15A69ADB2DA8C9DD00A91FDE /* PBXTargetDependency */,
			);
			fileSystemSynchronizedGroups = (
				15A69ADC2DA8C9DD00A91FDE /* MVVM_SideProjectTests */,
			);
			name = MVVM_SideProjectTests;
			packageProductDependencies = (
			);
			productName = MVVM_SideProjectTests;
			productReference = 15A69AD92DA8C9DD00A91FDE /* MVVM_SideProjectTests.xctest */;
			productType = "com.apple.product-type.bundle.unit-test";
		};
		15A69AE22DA8C9DD00A91FDE /* MVVM_SideProjectUITests */ = {
			isa = PBXNativeTarget;
			buildConfigurationList = 15A69AF42DA8C9DD00A91FDE /* Build configuration list for PBXNativeTarget "MVVM_SideProjectUITests" */;
			buildPhases = (
				15A69ADF2DA8C9DD00A91FDE /* Sources */,
				15A69AE02DA8C9DD00A91FDE /* Frameworks */,
				15A69AE12DA8C9DD00A91FDE /* Resources */,
			);
			buildRules = (
			);
			dependencies = (
				15A69AE52DA8C9DD00A91FDE /* PBXTargetDependency */,
			);
			fileSystemSynchronizedGroups = (
				15A69AE62DA8C9DD00A91FDE /* MVVM_SideProjectUITests */,
			);
			name = MVVM_SideProjectUITests;
			packageProductDependencies = (
			);
			productName = MVVM_SideProjectUITests;
			productReference = 15A69AE32DA8C9DD00A91FDE /* MVVM_SideProjectUITests.xctest */;
			productType = "com.apple.product-type.bundle.ui-testing";
		};
/* End PBXNativeTarget section */

/* Begin PBXProject section */
		15A69ABB2DA8C9DB00A91FDE /* Project object */ = {
			isa = PBXProject;
			attributes = {
				BuildIndependentTargetsInParallel = 1;
				LastSwiftUpdateCheck = 1630;
				LastUpgradeCheck = 1630;
				TargetAttributes = {
					15A69AC22DA8C9DB00A91FDE = {
						CreatedOnToolsVersion = 16.3;
					};
					15A69AD82DA8C9DD00A91FDE = {
						CreatedOnToolsVersion = 16.3;
						TestTargetID = 15A69AC22DA8C9DB00A91FDE;
					};
					15A69AE22DA8C9DD00A91FDE = {
						CreatedOnToolsVersion = 16.3;
						TestTargetID = 15A69AC22DA8C9DB00A91FDE;
					};
				};
			};
			buildConfigurationList = 15A69ABE2DA8C9DB00A91FDE /* Build configuration list for PBXProject "MVVM_SideProject" */;
			developmentRegion = en;
			hasScannedForEncodings = 0;
			knownRegions = (
				en,
				Base,
			);
			mainGroup = 15A69ABA2DA8C9DB00A91FDE;
			minimizedProjectReferenceProxies = 1;
			packageReferences = (
				15A69AF92DA8EB8B00A91FDE /* XCRemoteSwiftPackageReference "firebase-ios-sdk" */,
				15A69B2A2DA8F1B300A91FDE /* XCRemoteSwiftPackageReference "GoogleSignIn-iOS" */,
				15A69B322DA8FE8F00A91FDE /* XCRemoteSwiftPackageReference "SnapKit" */,
				1522DDCC2DAA664A00A1865D /* XCRemoteSwiftPackageReference "CombineCocoa" */,
			);
			preferredProjectObjectVersion = 77;
			productRefGroup = 15A69AC42DA8C9DB00A91FDE /* Products */;
			projectDirPath = "";
			projectRoot = "";
			targets = (
				15A69AC22DA8C9DB00A91FDE /* MVVM_SideProject */,
				15A69AD82DA8C9DD00A91FDE /* MVVM_SideProjectTests */,
				15A69AE22DA8C9DD00A91FDE /* MVVM_SideProjectUITests */,
			);
		};
/* End PBXProject section */

/* Begin PBXResourcesBuildPhase section */
		15A69AC12DA8C9DB00A91FDE /* Resources */ = {
			isa = PBXResourcesBuildPhase;
			buildActionMask = 2147483647;
			files = (
			);
			runOnlyForDeploymentPostprocessing = 0;
		};
		15A69AD72DA8C9DD00A91FDE /* Resources */ = {
			isa = PBXResourcesBuildPhase;
			buildActionMask = 2147483647;
			files = (
			);
			runOnlyForDeploymentPostprocessing = 0;
		};
		15A69AE12DA8C9DD00A91FDE /* Resources */ = {
			isa = PBXResourcesBuildPhase;
			buildActionMask = 2147483647;
			files = (
			);
			runOnlyForDeploymentPostprocessing = 0;
		};
/* End PBXResourcesBuildPhase section */

/* Begin PBXSourcesBuildPhase section */
		15A69ABF2DA8C9DB00A91FDE /* Sources */ = {
			isa = PBXSourcesBuildPhase;
			buildActionMask = 2147483647;
			files = (
			);
			runOnlyForDeploymentPostprocessing = 0;
		};
		15A69AD52DA8C9DD00A91FDE /* Sources */ = {
			isa = PBXSourcesBuildPhase;
			buildActionMask = 2147483647;
			files = (
			);
			runOnlyForDeploymentPostprocessing = 0;
		};
		15A69ADF2DA8C9DD00A91FDE /* Sources */ = {
			isa = PBXSourcesBuildPhase;
			buildActionMask = 2147483647;
			files = (
			);
			runOnlyForDeploymentPostprocessing = 0;
		};
/* End PBXSourcesBuildPhase section */

/* Begin PBXTargetDependency section */
		15A69ADB2DA8C9DD00A91FDE /* PBXTargetDependency */ = {
			isa = PBXTargetDependency;
			target = 15A69AC22DA8C9DB00A91FDE /* MVVM_SideProject */;
			targetProxy = 15A69ADA2DA8C9DD00A91FDE /* PBXContainerItemProxy */;
		};
		15A69AE52DA8C9DD00A91FDE /* PBXTargetDependency */ = {
			isa = PBXTargetDependency;
			target = 15A69AC22DA8C9DB00A91FDE /* MVVM_SideProject */;
			targetProxy = 15A69AE42DA8C9DD00A91FDE /* PBXContainerItemProxy */;
		};
/* End PBXTargetDependency section */

/* Begin XCBuildConfiguration section */
		15A69AED2DA8C9DD00A91FDE /* Debug */ = {
			isa = XCBuildConfiguration;
			buildSettings = {
				ASSETCATALOG_COMPILER_APPICON_NAME = AppIcon;
				ASSETCATALOG_COMPILER_GLOBAL_ACCENT_COLOR_NAME = AccentColor;
				CODE_SIGN_STYLE = Automatic;
				CURRENT_PROJECT_VERSION = 1;
				DEVELOPMENT_TEAM = G5A93Q7SG9;
				GENERATE_INFOPLIST_FILE = YES;
				INFOPLIST_FILE = MVVM_SideProject/Info.plist;
				INFOPLIST_KEY_UIApplicationSupportsIndirectInputEvents = YES;
				INFOPLIST_KEY_UILaunchStoryboardName = LaunchScreen;
				INFOPLIST_KEY_UIStatusBarStyle = "";
				INFOPLIST_KEY_UISupportedInterfaceOrientations_iPad = "UIInterfaceOrientationPortrait UIInterfaceOrientationPortraitUpsideDown UIInterfaceOrientationLandscapeLeft UIInterfaceOrientationLandscapeRight";
				INFOPLIST_KEY_UISupportedInterfaceOrientations_iPhone = "UIInterfaceOrientationPortrait UIInterfaceOrientationLandscapeLeft UIInterfaceOrientationLandscapeRight";
				IPHONEOS_DEPLOYMENT_TARGET = 18.0;
				LD_RUNPATH_SEARCH_PATHS = (
					"$(inherited)",
					"@executable_path/Frameworks",
				);
				MARKETING_VERSION = 1.0;
				PRODUCT_BUNDLE_IDENTIFIER = "co.willyhsu.MVVM-SideProject";
				PRODUCT_NAME = "$(TARGET_NAME)";
				SWIFT_EMIT_LOC_STRINGS = YES;
				SWIFT_VERSION = 5.0;
				TARGETED_DEVICE_FAMILY = "1,2";
			};
			name = Debug;
		};
		15A69AEE2DA8C9DD00A91FDE /* Release */ = {
			isa = XCBuildConfiguration;
			buildSettings = {
				ASSETCATALOG_COMPILER_APPICON_NAME = AppIcon;
				ASSETCATALOG_COMPILER_GLOBAL_ACCENT_COLOR_NAME = AccentColor;
				CODE_SIGN_STYLE = Automatic;
				CURRENT_PROJECT_VERSION = 1;
				DEVELOPMENT_TEAM = G5A93Q7SG9;
				GENERATE_INFOPLIST_FILE = YES;
				INFOPLIST_FILE = MVVM_SideProject/Info.plist;
				INFOPLIST_KEY_UIApplicationSupportsIndirectInputEvents = YES;
				INFOPLIST_KEY_UILaunchStoryboardName = LaunchScreen;
				INFOPLIST_KEY_UIStatusBarStyle = "";
				INFOPLIST_KEY_UISupportedInterfaceOrientations_iPad = "UIInterfaceOrientationPortrait UIInterfaceOrientationPortraitUpsideDown UIInterfaceOrientationLandscapeLeft UIInterfaceOrientationLandscapeRight";
				INFOPLIST_KEY_UISupportedInterfaceOrientations_iPhone = "UIInterfaceOrientationPortrait UIInterfaceOrientationLandscapeLeft UIInterfaceOrientationLandscapeRight";
				IPHONEOS_DEPLOYMENT_TARGET = 18.0;
				LD_RUNPATH_SEARCH_PATHS = (
					"$(inherited)",
					"@executable_path/Frameworks",
				);
				MARKETING_VERSION = 1.0;
				PRODUCT_BUNDLE_IDENTIFIER = "co.willyhsu.MVVM-SideProject";
				PRODUCT_NAME = "$(TARGET_NAME)";
				SWIFT_EMIT_LOC_STRINGS = YES;
				SWIFT_VERSION = 5.0;
				TARGETED_DEVICE_FAMILY = "1,2";
			};
			name = Release;
		};
		15A69AEF2DA8C9DD00A91FDE /* Debug */ = {
			isa = XCBuildConfiguration;
			buildSettings = {
				ALWAYS_SEARCH_USER_PATHS = NO;
				ASSETCATALOG_COMPILER_GENERATE_SWIFT_ASSET_SYMBOL_EXTENSIONS = YES;
				CLANG_ANALYZER_NONNULL = YES;
				CLANG_ANALYZER_NUMBER_OBJECT_CONVERSION = YES_AGGRESSIVE;
				CLANG_CXX_LANGUAGE_STANDARD = "gnu++20";
				CLANG_ENABLE_MODULES = YES;
				CLANG_ENABLE_OBJC_ARC = YES;
				CLANG_ENABLE_OBJC_WEAK = YES;
				CLANG_WARN_BLOCK_CAPTURE_AUTORELEASING = YES;
				CLANG_WARN_BOOL_CONVERSION = YES;
				CLANG_WARN_COMMA = YES;
				CLANG_WARN_CONSTANT_CONVERSION = YES;
				CLANG_WARN_DEPRECATED_OBJC_IMPLEMENTATIONS = YES;
				CLANG_WARN_DIRECT_OBJC_ISA_USAGE = YES_ERROR;
				CLANG_WARN_DOCUMENTATION_COMMENTS = YES;
				CLANG_WARN_EMPTY_BODY = YES;
				CLANG_WARN_ENUM_CONVERSION = YES;
				CLANG_WARN_INFINITE_RECURSION = YES;
				CLANG_WARN_INT_CONVERSION = YES;
				CLANG_WARN_NON_LITERAL_NULL_CONVERSION = YES;
				CLANG_WARN_OBJC_IMPLICIT_RETAIN_SELF = YES;
				CLANG_WARN_OBJC_LITERAL_CONVERSION = YES;
				CLANG_WARN_OBJC_ROOT_CLASS = YES_ERROR;
				CLANG_WARN_QUOTED_INCLUDE_IN_FRAMEWORK_HEADER = YES;
				CLANG_WARN_RANGE_LOOP_ANALYSIS = YES;
				CLANG_WARN_STRICT_PROTOTYPES = YES;
				CLANG_WARN_SUSPICIOUS_MOVE = YES;
				CLANG_WARN_UNGUARDED_AVAILABILITY = YES_AGGRESSIVE;
				CLANG_WARN_UNREACHABLE_CODE = YES;
				CLANG_WARN__DUPLICATE_METHOD_MATCH = YES;
				COPY_PHASE_STRIP = NO;
				DEBUG_INFORMATION_FORMAT = dwarf;
				DEVELOPMENT_TEAM = G5A93Q7SG9;
				ENABLE_STRICT_OBJC_MSGSEND = YES;
				ENABLE_TESTABILITY = YES;
				ENABLE_USER_SCRIPT_SANDBOXING = YES;
				GCC_C_LANGUAGE_STANDARD = gnu17;
				GCC_DYNAMIC_NO_PIC = NO;
				GCC_NO_COMMON_BLOCKS = YES;
				GCC_OPTIMIZATION_LEVEL = 0;
				GCC_PREPROCESSOR_DEFINITIONS = (
					"DEBUG=1",
					"$(inherited)",
				);
				GCC_WARN_64_TO_32_BIT_CONVERSION = YES;
				GCC_WARN_ABOUT_RETURN_TYPE = YES_ERROR;
				GCC_WARN_UNDECLARED_SELECTOR = YES;
				GCC_WARN_UNINITIALIZED_AUTOS = YES_AGGRESSIVE;
				GCC_WARN_UNUSED_FUNCTION = YES;
				GCC_WARN_UNUSED_VARIABLE = YES;
				IPHONEOS_DEPLOYMENT_TARGET = 18.4;
				LOCALIZATION_PREFERS_STRING_CATALOGS = YES;
				MTL_ENABLE_DEBUG_INFO = INCLUDE_SOURCE;
				MTL_FAST_MATH = YES;
				ONLY_ACTIVE_ARCH = YES;
				SDKROOT = iphoneos;
				SWIFT_ACTIVE_COMPILATION_CONDITIONS = "DEBUG $(inherited)";
				SWIFT_OPTIMIZATION_LEVEL = "-Onone";
			};
			name = Debug;
		};
		15A69AF02DA8C9DD00A91FDE /* Release */ = {
			isa = XCBuildConfiguration;
			buildSettings = {
				ALWAYS_SEARCH_USER_PATHS = NO;
				ASSETCATALOG_COMPILER_GENERATE_SWIFT_ASSET_SYMBOL_EXTENSIONS = YES;
				CLANG_ANALYZER_NONNULL = YES;
				CLANG_ANALYZER_NUMBER_OBJECT_CONVERSION = YES_AGGRESSIVE;
				CLANG_CXX_LANGUAGE_STANDARD = "gnu++20";
				CLANG_ENABLE_MODULES = YES;
				CLANG_ENABLE_OBJC_ARC = YES;
				CLANG_ENABLE_OBJC_WEAK = YES;
				CLANG_WARN_BLOCK_CAPTURE_AUTORELEASING = YES;
				CLANG_WARN_BOOL_CONVERSION = YES;
				CLANG_WARN_COMMA = YES;
				CLANG_WARN_CONSTANT_CONVERSION = YES;
				CLANG_WARN_DEPRECATED_OBJC_IMPLEMENTATIONS = YES;
				CLANG_WARN_DIRECT_OBJC_ISA_USAGE = YES_ERROR;
				CLANG_WARN_DOCUMENTATION_COMMENTS = YES;
				CLANG_WARN_EMPTY_BODY = YES;
				CLANG_WARN_ENUM_CONVERSION = YES;
				CLANG_WARN_INFINITE_RECURSION = YES;
				CLANG_WARN_INT_CONVERSION = YES;
				CLANG_WARN_NON_LITERAL_NULL_CONVERSION = YES;
				CLANG_WARN_OBJC_IMPLICIT_RETAIN_SELF = YES;
				CLANG_WARN_OBJC_LITERAL_CONVERSION = YES;
				CLANG_WARN_OBJC_ROOT_CLASS = YES_ERROR;
				CLANG_WARN_QUOTED_INCLUDE_IN_FRAMEWORK_HEADER = YES;
				CLANG_WARN_RANGE_LOOP_ANALYSIS = YES;
				CLANG_WARN_STRICT_PROTOTYPES = YES;
				CLANG_WARN_SUSPICIOUS_MOVE = YES;
				CLANG_WARN_UNGUARDED_AVAILABILITY = YES_AGGRESSIVE;
				CLANG_WARN_UNREACHABLE_CODE = YES;
				CLANG_WARN__DUPLICATE_METHOD_MATCH = YES;
				COPY_PHASE_STRIP = NO;
				DEBUG_INFORMATION_FORMAT = "dwarf-with-dsym";
				DEVELOPMENT_TEAM = G5A93Q7SG9;
				ENABLE_NS_ASSERTIONS = NO;
				ENABLE_STRICT_OBJC_MSGSEND = YES;
				ENABLE_USER_SCRIPT_SANDBOXING = YES;
				GCC_C_LANGUAGE_STANDARD = gnu17;
				GCC_NO_COMMON_BLOCKS = YES;
				GCC_WARN_64_TO_32_BIT_CONVERSION = YES;
				GCC_WARN_ABOUT_RETURN_TYPE = YES_ERROR;
				GCC_WARN_UNDECLARED_SELECTOR = YES;
				GCC_WARN_UNINITIALIZED_AUTOS = YES_AGGRESSIVE;
				GCC_WARN_UNUSED_FUNCTION = YES;
				GCC_WARN_UNUSED_VARIABLE = YES;
				IPHONEOS_DEPLOYMENT_TARGET = 18.4;
				LOCALIZATION_PREFERS_STRING_CATALOGS = YES;
				MTL_ENABLE_DEBUG_INFO = NO;
				MTL_FAST_MATH = YES;
				SDKROOT = iphoneos;
				SWIFT_COMPILATION_MODE = wholemodule;
				VALIDATE_PRODUCT = YES;
			};
			name = Release;
		};
		15A69AF22DA8C9DD00A91FDE /* Debug */ = {
			isa = XCBuildConfiguration;
			buildSettings = {
				BUNDLE_LOADER = "$(TEST_HOST)";
				CODE_SIGN_STYLE = Automatic;
				CURRENT_PROJECT_VERSION = 1;
				DEVELOPMENT_TEAM = G5A93Q7SG9;
				GENERATE_INFOPLIST_FILE = YES;
				IPHONEOS_DEPLOYMENT_TARGET = 18.4;
				MARKETING_VERSION = 1.0;
				PRODUCT_BUNDLE_IDENTIFIER = "co.willyhsu.MVVM-SideProjectTests";
				PRODUCT_NAME = "$(TARGET_NAME)";
				SWIFT_EMIT_LOC_STRINGS = NO;
				SWIFT_VERSION = 5.0;
				TARGETED_DEVICE_FAMILY = "1,2";
				TEST_HOST = "$(BUILT_PRODUCTS_DIR)/MVVM_SideProject.app/$(BUNDLE_EXECUTABLE_FOLDER_PATH)/MVVM_SideProject";
			};
			name = Debug;
		};
		15A69AF32DA8C9DD00A91FDE /* Release */ = {
			isa = XCBuildConfiguration;
			buildSettings = {
				BUNDLE_LOADER = "$(TEST_HOST)";
				CODE_SIGN_STYLE = Automatic;
				CURRENT_PROJECT_VERSION = 1;
				DEVELOPMENT_TEAM = G5A93Q7SG9;
				GENERATE_INFOPLIST_FILE = YES;
				IPHONEOS_DEPLOYMENT_TARGET = 18.4;
				MARKETING_VERSION = 1.0;
				PRODUCT_BUNDLE_IDENTIFIER = "co.willyhsu.MVVM-SideProjectTests";
				PRODUCT_NAME = "$(TARGET_NAME)";
				SWIFT_EMIT_LOC_STRINGS = NO;
				SWIFT_VERSION = 5.0;
				TARGETED_DEVICE_FAMILY = "1,2";
				TEST_HOST = "$(BUILT_PRODUCTS_DIR)/MVVM_SideProject.app/$(BUNDLE_EXECUTABLE_FOLDER_PATH)/MVVM_SideProject";
			};
			name = Release;
		};
		15A69AF52DA8C9DD00A91FDE /* Debug */ = {
			isa = XCBuildConfiguration;
			buildSettings = {
				CODE_SIGN_STYLE = Automatic;
				CURRENT_PROJECT_VERSION = 1;
				DEVELOPMENT_TEAM = G5A93Q7SG9;
				GENERATE_INFOPLIST_FILE = YES;
				MARKETING_VERSION = 1.0;
				PRODUCT_BUNDLE_IDENTIFIER = "co.willyhsu.MVVM-SideProjectUITests";
				PRODUCT_NAME = "$(TARGET_NAME)";
				SWIFT_EMIT_LOC_STRINGS = NO;
				SWIFT_VERSION = 5.0;
				TARGETED_DEVICE_FAMILY = "1,2";
				TEST_TARGET_NAME = MVVM_SideProject;
			};
			name = Debug;
		};
		15A69AF62DA8C9DD00A91FDE /* Release */ = {
			isa = XCBuildConfiguration;
			buildSettings = {
				CODE_SIGN_STYLE = Automatic;
				CURRENT_PROJECT_VERSION = 1;
				DEVELOPMENT_TEAM = G5A93Q7SG9;
				GENERATE_INFOPLIST_FILE = YES;
				MARKETING_VERSION = 1.0;
				PRODUCT_BUNDLE_IDENTIFIER = "co.willyhsu.MVVM-SideProjectUITests";
				PRODUCT_NAME = "$(TARGET_NAME)";
				SWIFT_EMIT_LOC_STRINGS = NO;
				SWIFT_VERSION = 5.0;
				TARGETED_DEVICE_FAMILY = "1,2";
				TEST_TARGET_NAME = MVVM_SideProject;
			};
			name = Release;
		};
/* End XCBuildConfiguration section */

/* Begin XCConfigurationList section */
		15A69ABE2DA8C9DB00A91FDE /* Build configuration list for PBXProject "MVVM_SideProject" */ = {
			isa = XCConfigurationList;
			buildConfigurations = (
				15A69AEF2DA8C9DD00A91FDE /* Debug */,
				15A69AF02DA8C9DD00A91FDE /* Release */,
			);
			defaultConfigurationIsVisible = 0;
			defaultConfigurationName = Release;
		};
		15A69AEC2DA8C9DD00A91FDE /* Build configuration list for PBXNativeTarget "MVVM_SideProject" */ = {
			isa = XCConfigurationList;
			buildConfigurations = (
				15A69AED2DA8C9DD00A91FDE /* Debug */,
				15A69AEE2DA8C9DD00A91FDE /* Release */,
			);
			defaultConfigurationIsVisible = 0;
			defaultConfigurationName = Release;
		};
		15A69AF12DA8C9DD00A91FDE /* Build configuration list for PBXNativeTarget "MVVM_SideProjectTests" */ = {
			isa = XCConfigurationList;
			buildConfigurations = (
				15A69AF22DA8C9DD00A91FDE /* Debug */,
				15A69AF32DA8C9DD00A91FDE /* Release */,
			);
			defaultConfigurationIsVisible = 0;
			defaultConfigurationName = Release;
		};
		15A69AF42DA8C9DD00A91FDE /* Build configuration list for PBXNativeTarget "MVVM_SideProjectUITests" */ = {
			isa = XCConfigurationList;
			buildConfigurations = (
				15A69AF52DA8C9DD00A91FDE /* Debug */,
				15A69AF62DA8C9DD00A91FDE /* Release */,
			);
			defaultConfigurationIsVisible = 0;
			defaultConfigurationName = Release;
		};
/* End XCConfigurationList section */

/* Begin XCRemoteSwiftPackageReference section */
		1522DDCC2DAA664A00A1865D /* XCRemoteSwiftPackageReference "CombineCocoa" */ = {
			isa = XCRemoteSwiftPackageReference;
			repositoryURL = "https://github.com/CombineCommunity/CombineCocoa";
			requirement = {
				kind = upToNextMajorVersion;
				minimumVersion = 0.4.1;
			};
		};
		15A69AF92DA8EB8B00A91FDE /* XCRemoteSwiftPackageReference "firebase-ios-sdk" */ = {
			isa = XCRemoteSwiftPackageReference;
			repositoryURL = "https://github.com/firebase/firebase-ios-sdk";
			requirement = {
				kind = upToNextMajorVersion;
				minimumVersion = 11.11.0;
			};
		};
		15A69B2A2DA8F1B300A91FDE /* XCRemoteSwiftPackageReference "GoogleSignIn-iOS" */ = {
			isa = XCRemoteSwiftPackageReference;
			repositoryURL = "https://github.com/google/GoogleSignIn-iOS";
			requirement = {
				kind = upToNextMajorVersion;
				minimumVersion = 8.0.0;
			};
		};
		15A69B322DA8FE8F00A91FDE /* XCRemoteSwiftPackageReference "SnapKit" */ = {
			isa = XCRemoteSwiftPackageReference;
			repositoryURL = "https://github.com/SnapKit/SnapKit";
			requirement = {
				kind = upToNextMajorVersion;
				minimumVersion = 5.7.1;
			};
		};
/* End XCRemoteSwiftPackageReference section */

/* Begin XCSwiftPackageProductDependency section */
		1522DDCD2DAA664A00A1865D /* CombineCocoa */ = {
			isa = XCSwiftPackageProductDependency;
			package = 1522DDCC2DAA664A00A1865D /* XCRemoteSwiftPackageReference "CombineCocoa" */;
			productName = CombineCocoa;
		};
		15A69AFA2DA8EB8B00A91FDE /* FirebaseAnalytics */ = {
			isa = XCSwiftPackageProductDependency;
			package = 15A69AF92DA8EB8B00A91FDE /* XCRemoteSwiftPackageReference "firebase-ios-sdk" */;
			productName = FirebaseAnalytics;
		};
		15A69AFC2DA8EB8B00A91FDE /* FirebaseAnalyticsOnDeviceConversion */ = {
			isa = XCSwiftPackageProductDependency;
			package = 15A69AF92DA8EB8B00A91FDE /* XCRemoteSwiftPackageReference "firebase-ios-sdk" */;
			productName = FirebaseAnalyticsOnDeviceConversion;
		};
		15A69AFE2DA8EB8B00A91FDE /* FirebaseAnalyticsWithoutAdIdSupport */ = {
			isa = XCSwiftPackageProductDependency;
			package = 15A69AF92DA8EB8B00A91FDE /* XCRemoteSwiftPackageReference "firebase-ios-sdk" */;
			productName = FirebaseAnalyticsWithoutAdIdSupport;
		};
		15A69B002DA8EB8B00A91FDE /* FirebaseAppCheck */ = {
			isa = XCSwiftPackageProductDependency;
			package = 15A69AF92DA8EB8B00A91FDE /* XCRemoteSwiftPackageReference "firebase-ios-sdk" */;
			productName = FirebaseAppCheck;
		};
		15A69B022DA8EB8B00A91FDE /* FirebaseAppDistribution-Beta */ = {
			isa = XCSwiftPackageProductDependency;
			package = 15A69AF92DA8EB8B00A91FDE /* XCRemoteSwiftPackageReference "firebase-ios-sdk" */;
			productName = "FirebaseAppDistribution-Beta";
		};
		15A69B042DA8EB8B00A91FDE /* FirebaseAuth */ = {
			isa = XCSwiftPackageProductDependency;
			package = 15A69AF92DA8EB8B00A91FDE /* XCRemoteSwiftPackageReference "firebase-ios-sdk" */;
			productName = FirebaseAuth;
		};
		15A69B062DA8EB8B00A91FDE /* FirebaseAuthCombine-Community */ = {
			isa = XCSwiftPackageProductDependency;
			package = 15A69AF92DA8EB8B00A91FDE /* XCRemoteSwiftPackageReference "firebase-ios-sdk" */;
			productName = "FirebaseAuthCombine-Community";
		};
		15A69B082DA8EB8B00A91FDE /* FirebaseCore */ = {
			isa = XCSwiftPackageProductDependency;
			package = 15A69AF92DA8EB8B00A91FDE /* XCRemoteSwiftPackageReference "firebase-ios-sdk" */;
			productName = FirebaseCore;
		};
		15A69B0A2DA8EB8B00A91FDE /* FirebaseCrashlytics */ = {
			isa = XCSwiftPackageProductDependency;
			package = 15A69AF92DA8EB8B00A91FDE /* XCRemoteSwiftPackageReference "firebase-ios-sdk" */;
			productName = FirebaseCrashlytics;
		};
		15A69B0C2DA8EB8B00A91FDE /* FirebaseDatabase */ = {
			isa = XCSwiftPackageProductDependency;
			package = 15A69AF92DA8EB8B00A91FDE /* XCRemoteSwiftPackageReference "firebase-ios-sdk" */;
			productName = FirebaseDatabase;
		};
		15A69B0E2DA8EB8B00A91FDE /* FirebaseDynamicLinks */ = {
			isa = XCSwiftPackageProductDependency;
			package = 15A69AF92DA8EB8B00A91FDE /* XCRemoteSwiftPackageReference "firebase-ios-sdk" */;
			productName = FirebaseDynamicLinks;
		};
		15A69B102DA8EB8B00A91FDE /* FirebaseFirestore */ = {
			isa = XCSwiftPackageProductDependency;
			package = 15A69AF92DA8EB8B00A91FDE /* XCRemoteSwiftPackageReference "firebase-ios-sdk" */;
			productName = FirebaseFirestore;
		};
		15A69B122DA8EB8B00A91FDE /* FirebaseFirestoreCombine-Community */ = {
			isa = XCSwiftPackageProductDependency;
			package = 15A69AF92DA8EB8B00A91FDE /* XCRemoteSwiftPackageReference "firebase-ios-sdk" */;
			productName = "FirebaseFirestoreCombine-Community";
		};
		15A69B142DA8EB8B00A91FDE /* FirebaseFunctions */ = {
			isa = XCSwiftPackageProductDependency;
			package = 15A69AF92DA8EB8B00A91FDE /* XCRemoteSwiftPackageReference "firebase-ios-sdk" */;
			productName = FirebaseFunctions;
		};
		15A69B162DA8EB8B00A91FDE /* FirebaseFunctionsCombine-Community */ = {
			isa = XCSwiftPackageProductDependency;
			package = 15A69AF92DA8EB8B00A91FDE /* XCRemoteSwiftPackageReference "firebase-ios-sdk" */;
			productName = "FirebaseFunctionsCombine-Community";
		};
		15A69B182DA8EB8B00A91FDE /* FirebaseInAppMessaging-Beta */ = {
			isa = XCSwiftPackageProductDependency;
			package = 15A69AF92DA8EB8B00A91FDE /* XCRemoteSwiftPackageReference "firebase-ios-sdk" */;
			productName = "FirebaseInAppMessaging-Beta";
		};
		15A69B1A2DA8EB8B00A91FDE /* FirebaseInstallations */ = {
			isa = XCSwiftPackageProductDependency;
			package = 15A69AF92DA8EB8B00A91FDE /* XCRemoteSwiftPackageReference "firebase-ios-sdk" */;
			productName = FirebaseInstallations;
		};
		15A69B1C2DA8EB8B00A91FDE /* FirebaseMLModelDownloader */ = {
			isa = XCSwiftPackageProductDependency;
			package = 15A69AF92DA8EB8B00A91FDE /* XCRemoteSwiftPackageReference "firebase-ios-sdk" */;
			productName = FirebaseMLModelDownloader;
		};
		15A69B1E2DA8EB8B00A91FDE /* FirebaseMessaging */ = {
			isa = XCSwiftPackageProductDependency;
			package = 15A69AF92DA8EB8B00A91FDE /* XCRemoteSwiftPackageReference "firebase-ios-sdk" */;
			productName = FirebaseMessaging;
		};
		15A69B202DA8EB8B00A91FDE /* FirebasePerformance */ = {
			isa = XCSwiftPackageProductDependency;
			package = 15A69AF92DA8EB8B00A91FDE /* XCRemoteSwiftPackageReference "firebase-ios-sdk" */;
			productName = FirebasePerformance;
		};
		15A69B222DA8EB8B00A91FDE /* FirebaseRemoteConfig */ = {
			isa = XCSwiftPackageProductDependency;
			package = 15A69AF92DA8EB8B00A91FDE /* XCRemoteSwiftPackageReference "firebase-ios-sdk" */;
			productName = FirebaseRemoteConfig;
		};
		15A69B242DA8EB8B00A91FDE /* FirebaseStorage */ = {
			isa = XCSwiftPackageProductDependency;
			package = 15A69AF92DA8EB8B00A91FDE /* XCRemoteSwiftPackageReference "firebase-ios-sdk" */;
			productName = FirebaseStorage;
		};
		15A69B262DA8EB8B00A91FDE /* FirebaseStorageCombine-Community */ = {
			isa = XCSwiftPackageProductDependency;
			package = 15A69AF92DA8EB8B00A91FDE /* XCRemoteSwiftPackageReference "firebase-ios-sdk" */;
			productName = "FirebaseStorageCombine-Community";
		};
		15A69B282DA8EB8B00A91FDE /* FirebaseVertexAI */ = {
			isa = XCSwiftPackageProductDependency;
			package = 15A69AF92DA8EB8B00A91FDE /* XCRemoteSwiftPackageReference "firebase-ios-sdk" */;
			productName = FirebaseVertexAI;
		};
		15A69B2B2DA8F1B300A91FDE /* GoogleSignIn */ = {
			isa = XCSwiftPackageProductDependency;
			package = 15A69B2A2DA8F1B300A91FDE /* XCRemoteSwiftPackageReference "GoogleSignIn-iOS" */;
			productName = GoogleSignIn;
		};
		15A69B332DA8FE8F00A91FDE /* SnapKit */ = {
			isa = XCSwiftPackageProductDependency;
			package = 15A69B322DA8FE8F00A91FDE /* XCRemoteSwiftPackageReference "SnapKit" */;
			productName = SnapKit;
		};
/* End XCSwiftPackageProductDependency section */
	};
	rootObject = 15A69ABB2DA8C9DB00A91FDE /* Project object */;
}
